// !$*UTF8*$!
{
	archiveVersion = 1;
	classes = {
	};
	objectVersion = 48;
	objects = {

/* Begin PBXBuildFile section */
		142CC7EC17133D3600FE6428 /* libsvtkfreetype.a in Frameworks */ = {isa = PBXBuildFile; fileRef = 142CC7EB17133D3600FE6428 /* libsvtkfreetype.a */; };
		143859091D6CED4100E728A0 /* MyWindowController.mm in Sources */ = {isa = PBXBuildFile; fileRef = 143859081D6CED4100E728A0 /* MyWindowController.mm */; };
		1454C0F1094E266D00F594FE /* MyDocument.mm in Sources */ = {isa = PBXBuildFile; fileRef = 1454C0F0094E266D00F594FE /* MyDocument.mm */; };
		1454C1D6094F306B00F594FE /* OpenGL.framework in Frameworks */ = {isa = PBXBuildFile; fileRef = 1454C1D5094F306B00F594FE /* OpenGL.framework */; };
		1454C4360950A4A800F594FE /* BasicSVTKView.mm in Sources */ = {isa = PBXBuildFile; fileRef = 1454C4350950A4A800F594FE /* BasicSVTKView.mm */; };
		146EB4A4241193C500718F22 /* libsvtkRenderingUI.a in Frameworks */ = {isa = PBXBuildFile; fileRef = 146EB4A3241193C500718F22 /* libsvtkRenderingUI.a */; };
		148BD56B2270BFC3001DA6B6 /* libsvtkloguru.a in Frameworks */ = {isa = PBXBuildFile; fileRef = 148BD56A2270BFC3001DA6B6 /* libsvtkloguru.a */; };
		14A3028C119E0C3200D75B9A /* MainMenu.xib in Resources */ = {isa = PBXBuildFile; fileRef = 14A3028A119E0C3200D75B9A /* MainMenu.xib */; };
		14A3028D119E0C3200D75B9A /* MyWindow.xib in Resources */ = {isa = PBXBuildFile; fileRef = 14A3028B119E0C3200D75B9A /* MyWindow.xib */; };
		14B863A5113C436100C9B42E /* IOKit.framework in Frameworks */ = {isa = PBXBuildFile; fileRef = 14B863A4113C436100C9B42E /* IOKit.framework */; };
		14C19A3F22B180AF005A503C /* CustomLayer.mm in Sources */ = {isa = PBXBuildFile; fileRef = 14C19A3E22B180AF005A503C /* CustomLayer.mm */; };
		14C19A4122B182F8005A503C /* QuartzCore.framework in Frameworks */ = {isa = PBXBuildFile; fileRef = 14C19A4022B182F8005A503C /* QuartzCore.framework */; };
		14C19A4422B183D9005A503C /* CustomView.mm in Sources */ = {isa = PBXBuildFile; fileRef = 14C19A4322B183D8005A503C /* CustomView.mm */; };
		14D589961C69466D00C28521 /* libsvtkglew.a in Frameworks */ = {isa = PBXBuildFile; fileRef = 14D589951C69466D00C28521 /* libsvtkglew.a */; };
		14D951A31B701A690012248C /* libsvtkCommonColor.a in Frameworks */ = {isa = PBXBuildFile; fileRef = 14D951A21B701A690012248C /* libsvtkCommonColor.a */; };
		14D951A51B701C9A0012248C /* libsvtkzlib.a in Frameworks */ = {isa = PBXBuildFile; fileRef = 14D951A41B701C9A0012248C /* libsvtkzlib.a */; };
		14FC3EAD16C5A02D0092149A /* libsvtkRenderingCore.a in Frameworks */ = {isa = PBXBuildFile; fileRef = 14FC3EAC16C5A02D0092149A /* libsvtkRenderingCore.a */; };
		14FC3EAF16C5A0460092149A /* libsvtkRenderingOpenGL2.a in Frameworks */ = {isa = PBXBuildFile; fileRef = 14FC3EAE16C5A0460092149A /* libsvtkRenderingOpenGL2.a */; };
		14FC3EB616C5A0E30092149A /* libsvtkCommonCore.a in Frameworks */ = {isa = PBXBuildFile; fileRef = 14FC3EB016C5A0E30092149A /* libsvtkCommonCore.a */; };
		14FC3EB716C5A0E30092149A /* libsvtkCommonDataModel.a in Frameworks */ = {isa = PBXBuildFile; fileRef = 14FC3EB116C5A0E30092149A /* libsvtkCommonDataModel.a */; };
		14FC3EB816C5A0E30092149A /* libsvtkCommonExecutionModel.a in Frameworks */ = {isa = PBXBuildFile; fileRef = 14FC3EB216C5A0E30092149A /* libsvtkCommonExecutionModel.a */; };
		14FC3EB916C5A0E30092149A /* libsvtkCommonMath.a in Frameworks */ = {isa = PBXBuildFile; fileRef = 14FC3EB316C5A0E30092149A /* libsvtkCommonMath.a */; };
		14FC3EBA16C5A0E30092149A /* libsvtkCommonSystem.a in Frameworks */ = {isa = PBXBuildFile; fileRef = 14FC3EB416C5A0E30092149A /* libsvtkCommonSystem.a */; };
		14FC3EBB16C5A0E30092149A /* libsvtkCommonTransforms.a in Frameworks */ = {isa = PBXBuildFile; fileRef = 14FC3EB516C5A0E30092149A /* libsvtkCommonTransforms.a */; };
		14FC3EBD16C5A1090092149A /* libsvtkCommonMisc.a in Frameworks */ = {isa = PBXBuildFile; fileRef = 14FC3EBC16C5A1090092149A /* libsvtkCommonMisc.a */; };
		14FC3EC116C5A1230092149A /* libsvtkIOCore.a in Frameworks */ = {isa = PBXBuildFile; fileRef = 14FC3EBE16C5A1230092149A /* libsvtkIOCore.a */; };
		14FC3EC216C5A1230092149A /* libsvtkIOGeometry.a in Frameworks */ = {isa = PBXBuildFile; fileRef = 14FC3EBF16C5A1230092149A /* libsvtkIOGeometry.a */; };
		14FC3EC316C5A1230092149A /* libsvtkIOImage.a in Frameworks */ = {isa = PBXBuildFile; fileRef = 14FC3EC016C5A1230092149A /* libsvtkIOImage.a */; };
		14FC3EC516C5A15F0092149A /* libsvtkImagingCore.a in Frameworks */ = {isa = PBXBuildFile; fileRef = 14FC3EC416C5A15F0092149A /* libsvtkImagingCore.a */; };
		14FC3EC816C5A1810092149A /* libsvtkImagingMorphological.a in Frameworks */ = {isa = PBXBuildFile; fileRef = 14FC3EC616C5A1810092149A /* libsvtkImagingMorphological.a */; };
		14FC3EC916C5A1810092149A /* libsvtkImagingStencil.a in Frameworks */ = {isa = PBXBuildFile; fileRef = 14FC3EC716C5A1810092149A /* libsvtkImagingStencil.a */; };
		14FC3ECB16C5A1C20092149A /* libsvtkRenderingFreeType.a in Frameworks */ = {isa = PBXBuildFile; fileRef = 14FC3ECA16C5A1C20092149A /* libsvtkRenderingFreeType.a */; };
		14FC3ED116C5A8C00092149A /* libsvtkjpeg.a in Frameworks */ = {isa = PBXBuildFile; fileRef = 14FC3ECE16C5A8C00092149A /* libsvtkjpeg.a */; };
		14FC3ED316C5A8C00092149A /* libsvtkpng.a in Frameworks */ = {isa = PBXBuildFile; fileRef = 14FC3ED016C5A8C00092149A /* libsvtkpng.a */; };
		14FC3ED616C5A9030092149A /* libsvtkIOXML.a in Frameworks */ = {isa = PBXBuildFile; fileRef = 14FC3ED416C5A9030092149A /* libsvtkIOXML.a */; };
		14FC3ED716C5A9030092149A /* libsvtkIOXMLParser.a in Frameworks */ = {isa = PBXBuildFile; fileRef = 14FC3ED516C5A9030092149A /* libsvtkIOXMLParser.a */; };
		14FC3EDD16C5A92E0092149A /* libsvtkFiltersCore.a in Frameworks */ = {isa = PBXBuildFile; fileRef = 14FC3ED816C5A92E0092149A /* libsvtkFiltersCore.a */; };
		14FC3EDE16C5A92F0092149A /* libsvtkFiltersGeneral.a in Frameworks */ = {isa = PBXBuildFile; fileRef = 14FC3ED916C5A92E0092149A /* libsvtkFiltersGeneral.a */; };
		14FC3EDF16C5A92F0092149A /* libsvtkFiltersGeneric.a in Frameworks */ = {isa = PBXBuildFile; fileRef = 14FC3EDA16C5A92E0092149A /* libsvtkFiltersGeneric.a */; };
		14FC3EE016C5A92F0092149A /* libsvtkFiltersGeometry.a in Frameworks */ = {isa = PBXBuildFile; fileRef = 14FC3EDB16C5A92E0092149A /* libsvtkFiltersGeometry.a */; };
		14FC3EE116C5A92F0092149A /* libsvtkFiltersSources.a in Frameworks */ = {isa = PBXBuildFile; fileRef = 14FC3EDC16C5A92E0092149A /* libsvtkFiltersSources.a */; };
		14FC3EE316C5A9470092149A /* libsvtkexpat.a in Frameworks */ = {isa = PBXBuildFile; fileRef = 14FC3EE216C5A9470092149A /* libsvtkexpat.a */; };
		14FC3EE616C5A9690092149A /* libsvtkInteractionImage.a in Frameworks */ = {isa = PBXBuildFile; fileRef = 14FC3EE416C5A9690092149A /* libsvtkInteractionImage.a */; };
		14FC3EE716C5A9690092149A /* libsvtkInteractionStyle.a in Frameworks */ = {isa = PBXBuildFile; fileRef = 14FC3EE516C5A9690092149A /* libsvtkInteractionStyle.a */; };
		14FC3EEA16C5A9830092149A /* libsvtksys.a in Frameworks */ = {isa = PBXBuildFile; fileRef = 14FC3EE816C5A9830092149A /* libsvtksys.a */; };
		14FC3EEB16C5A9830092149A /* libsvtktiff.a in Frameworks */ = {isa = PBXBuildFile; fileRef = 14FC3EE916C5A9830092149A /* libsvtktiff.a */; };
		14FC3EEE16C5A9A60092149A /* libsvtkFiltersExtraction.a in Frameworks */ = {isa = PBXBuildFile; fileRef = 14FC3EEC16C5A9A60092149A /* libsvtkFiltersExtraction.a */; };
		14FC3EEF16C5A9A60092149A /* libsvtkmetaio.a in Frameworks */ = {isa = PBXBuildFile; fileRef = 14FC3EED16C5A9A60092149A /* libsvtkmetaio.a */; };
		8D15AC320486D014006FF6A4 /* main.mm in Sources */ = {isa = PBXBuildFile; fileRef = 2A37F4B0FDCFA73011CA2CEA /* main.mm */; settings = {ATTRIBUTES = (); }; };
		8D15AC340486D014006FF6A4 /* Cocoa.framework in Frameworks */ = {isa = PBXBuildFile; fileRef = 1058C7A7FEA54F5311CA2CBB /* Cocoa.framework */; };
/* End PBXBuildFile section */

/* Begin PBXFileReference section */
		1058C7A7FEA54F5311CA2CBB /* Cocoa.framework */ = {isa = PBXFileReference; lastKnownFileType = wrapper.framework; name = Cocoa.framework; path = /System/Library/Frameworks/Cocoa.framework; sourceTree = "<absolute>"; };
		142CC7EA17133CB300FE6428 /* PrefixHeader.pch */ = {isa = PBXFileReference; indentWidth = 2; lastKnownFileType = sourcecode.c.h; path = PrefixHeader.pch; sourceTree = "<group>"; tabWidth = 2; usesTabs = 0; };
		142CC7EB17133D3600FE6428 /* libsvtkfreetype.a */ = {isa = PBXFileReference; lastKnownFileType = archive.ar; path = libsvtkfreetype.a; sourceTree = "svtk-debug-lib"; };
		143859071D6CED4100E728A0 /* MyWindowController.h */ = {isa = PBXFileReference; fileEncoding = 4; indentWidth = 2; lastKnownFileType = sourcecode.c.h; path = MyWindowController.h; sourceTree = "<group>"; tabWidth = 2; usesTabs = 0; };
		143859081D6CED4100E728A0 /* MyWindowController.mm */ = {isa = PBXFileReference; fileEncoding = 4; indentWidth = 2; lastKnownFileType = sourcecode.cpp.objcpp; path = MyWindowController.mm; sourceTree = "<group>"; tabWidth = 2; usesTabs = 0; };
		1454C0EF094E266D00F594FE /* MyDocument.h */ = {isa = PBXFileReference; fileEncoding = 4; indentWidth = 2; lastKnownFileType = sourcecode.c.h; path = MyDocument.h; sourceTree = SOURCE_ROOT; tabWidth = 2; usesTabs = 0; };
		1454C0F0094E266D00F594FE /* MyDocument.mm */ = {isa = PBXFileReference; fileEncoding = 4; indentWidth = 2; lastKnownFileType = sourcecode.cpp.objcpp; path = MyDocument.mm; sourceTree = SOURCE_ROOT; tabWidth = 2; usesTabs = 0; };
		1454C1D5094F306B00F594FE /* OpenGL.framework */ = {isa = PBXFileReference; lastKnownFileType = wrapper.framework; name = OpenGL.framework; path = /System/Library/Frameworks/OpenGL.framework; sourceTree = "<absolute>"; };
		1454C4340950A4A800F594FE /* BasicSVTKView.h */ = {isa = PBXFileReference; fileEncoding = 4; indentWidth = 2; lastKnownFileType = sourcecode.c.h; path = BasicSVTKView.h; sourceTree = SOURCE_ROOT; tabWidth = 2; usesTabs = 0; };
		1454C4350950A4A800F594FE /* BasicSVTKView.mm */ = {isa = PBXFileReference; fileEncoding = 4; indentWidth = 2; lastKnownFileType = sourcecode.cpp.objcpp; path = BasicSVTKView.mm; sourceTree = SOURCE_ROOT; tabWidth = 2; usesTabs = 0; };
		146EB4A3241193C500718F22 /* libsvtkRenderingUI.a */ = {isa = PBXFileReference; lastKnownFileType = archive.ar; path = libsvtkRenderingUI.a; sourceTree = "svtk-debug-lib"; };
		148BD56A2270BFC3001DA6B6 /* libsvtkloguru.a */ = {isa = PBXFileReference; lastKnownFileType = archive.ar; path = libsvtkloguru.a; sourceTree = "svtk-debug-lib"; };
		14A3028A119E0C3200D75B9A /* MainMenu.xib */ = {isa = PBXFileReference; lastKnownFileType = file.xib; path = MainMenu.xib; sourceTree = "<group>"; };
		14A3028B119E0C3200D75B9A /* MyWindow.xib */ = {isa = PBXFileReference; lastKnownFileType = file.xib; path = MyWindow.xib; sourceTree = "<group>"; };
		14B86358113C3E4200C9B42E /* SimpleCocoaSVTK.xcconfig */ = {isa = PBXFileReference; fileEncoding = 4; indentWidth = 2; lastKnownFileType = text.xcconfig; path = SimpleCocoaSVTK.xcconfig; sourceTree = "<group>"; tabWidth = 2; usesTabs = 0; };
		14B863A4113C436100C9B42E /* IOKit.framework */ = {isa = PBXFileReference; lastKnownFileType = wrapper.framework; name = IOKit.framework; path = /System/Library/Frameworks/IOKit.framework; sourceTree = "<absolute>"; };
		14C19A3D22B180AF005A503C /* CustomLayer.h */ = {isa = PBXFileReference; fileEncoding = 4; indentWidth = 2; lastKnownFileType = sourcecode.c.h; path = CustomLayer.h; sourceTree = "<group>"; tabWidth = 2; usesTabs = 0; };
		14C19A3E22B180AF005A503C /* CustomLayer.mm */ = {isa = PBXFileReference; fileEncoding = 4; indentWidth = 2; lastKnownFileType = sourcecode.cpp.objcpp; path = CustomLayer.mm; sourceTree = "<group>"; tabWidth = 2; usesTabs = 0; };
		14C19A4022B182F8005A503C /* QuartzCore.framework */ = {isa = PBXFileReference; lastKnownFileType = wrapper.framework; name = QuartzCore.framework; path = /System/Library/Frameworks/QuartzCore.framework; sourceTree = "<absolute>"; };
		14C19A4222B183D8005A503C /* CustomView.h */ = {isa = PBXFileReference; fileEncoding = 4; indentWidth = 2; lastKnownFileType = sourcecode.c.h; path = CustomView.h; sourceTree = "<group>"; tabWidth = 2; usesTabs = 0; };
		14C19A4322B183D8005A503C /* CustomView.mm */ = {isa = PBXFileReference; fileEncoding = 4; indentWidth = 2; lastKnownFileType = sourcecode.cpp.objcpp; path = CustomView.mm; sourceTree = "<group>"; tabWidth = 2; usesTabs = 0; };
		14D589951C69466D00C28521 /* libsvtkglew.a */ = {isa = PBXFileReference; lastKnownFileType = archive.ar; path = libsvtkglew.a; sourceTree = "svtk-debug-lib"; };
		14D951A21B701A690012248C /* libsvtkCommonColor.a */ = {isa = PBXFileReference; lastKnownFileType = archive.ar; path = libsvtkCommonColor.a; sourceTree = "svtk-debug-lib"; };
		14D951A41B701C9A0012248C /* libsvtkzlib.a */ = {isa = PBXFileReference; lastKnownFileType = archive.ar; path = libsvtkzlib.a; sourceTree = "svtk-debug-lib"; };
		14FC3EAC16C5A02D0092149A /* libsvtkRenderingCore.a */ = {isa = PBXFileReference; lastKnownFileType = archive.ar; path = libsvtkRenderingCore.a; sourceTree = "svtk-debug-lib"; };
		14FC3EAE16C5A0460092149A /* libsvtkRenderingOpenGL2.a */ = {isa = PBXFileReference; lastKnownFileType = archive.ar; path = libsvtkRenderingOpenGL2.a; sourceTree = "svtk-debug-lib"; };
		14FC3EB016C5A0E30092149A /* libsvtkCommonCore.a */ = {isa = PBXFileReference; lastKnownFileType = archive.ar; path = libsvtkCommonCore.a; sourceTree = "svtk-debug-lib"; };
		14FC3EB116C5A0E30092149A /* libsvtkCommonDataModel.a */ = {isa = PBXFileReference; lastKnownFileType = archive.ar; path = libsvtkCommonDataModel.a; sourceTree = "svtk-debug-lib"; };
		14FC3EB216C5A0E30092149A /* libsvtkCommonExecutionModel.a */ = {isa = PBXFileReference; lastKnownFileType = archive.ar; path = libsvtkCommonExecutionModel.a; sourceTree = "svtk-debug-lib"; };
		14FC3EB316C5A0E30092149A /* libsvtkCommonMath.a */ = {isa = PBXFileReference; lastKnownFileType = archive.ar; path = libsvtkCommonMath.a; sourceTree = "svtk-debug-lib"; };
		14FC3EB416C5A0E30092149A /* libsvtkCommonSystem.a */ = {isa = PBXFileReference; lastKnownFileType = archive.ar; path = libsvtkCommonSystem.a; sourceTree = "svtk-debug-lib"; };
		14FC3EB516C5A0E30092149A /* libsvtkCommonTransforms.a */ = {isa = PBXFileReference; lastKnownFileType = archive.ar; path = libsvtkCommonTransforms.a; sourceTree = "svtk-debug-lib"; };
		14FC3EBC16C5A1090092149A /* libsvtkCommonMisc.a */ = {isa = PBXFileReference; lastKnownFileType = archive.ar; path = libsvtkCommonMisc.a; sourceTree = "svtk-debug-lib"; };
		14FC3EBE16C5A1230092149A /* libsvtkIOCore.a */ = {isa = PBXFileReference; lastKnownFileType = archive.ar; path = libsvtkIOCore.a; sourceTree = "svtk-debug-lib"; };
		14FC3EBF16C5A1230092149A /* libsvtkIOGeometry.a */ = {isa = PBXFileReference; lastKnownFileType = archive.ar; path = libsvtkIOGeometry.a; sourceTree = "svtk-debug-lib"; };
		14FC3EC016C5A1230092149A /* libsvtkIOImage.a */ = {isa = PBXFileReference; lastKnownFileType = archive.ar; path = libsvtkIOImage.a; sourceTree = "svtk-debug-lib"; };
		14FC3EC416C5A15F0092149A /* libsvtkImagingCore.a */ = {isa = PBXFileReference; lastKnownFileType = archive.ar; path = libsvtkImagingCore.a; sourceTree = "svtk-debug-lib"; };
		14FC3EC616C5A1810092149A /* libsvtkImagingMorphological.a */ = {isa = PBXFileReference; lastKnownFileType = archive.ar; path = libsvtkImagingMorphological.a; sourceTree = "svtk-debug-lib"; };
		14FC3EC716C5A1810092149A /* libsvtkImagingStencil.a */ = {isa = PBXFileReference; lastKnownFileType = archive.ar; path = libsvtkImagingStencil.a; sourceTree = "svtk-debug-lib"; };
		14FC3ECA16C5A1C20092149A /* libsvtkRenderingFreeType.a */ = {isa = PBXFileReference; lastKnownFileType = archive.ar; path = libsvtkRenderingFreeType.a; sourceTree = "svtk-debug-lib"; };
		14FC3ECE16C5A8C00092149A /* libsvtkjpeg.a */ = {isa = PBXFileReference; lastKnownFileType = archive.ar; path = libsvtkjpeg.a; sourceTree = "svtk-debug-lib"; };
		14FC3ECF16C5A8C00092149A /* libsvtklibxml2.a */ = {isa = PBXFileReference; lastKnownFileType = archive.ar; path = libsvtklibxml2.a; sourceTree = "svtk-debug-lib"; };
		14FC3ED016C5A8C00092149A /* libsvtkpng.a */ = {isa = PBXFileReference; lastKnownFileType = archive.ar; path = libsvtkpng.a; sourceTree = "svtk-debug-lib"; };
		14FC3ED416C5A9030092149A /* libsvtkIOXML.a */ = {isa = PBXFileReference; lastKnownFileType = archive.ar; path = libsvtkIOXML.a; sourceTree = "svtk-debug-lib"; };
		14FC3ED516C5A9030092149A /* libsvtkIOXMLParser.a */ = {isa = PBXFileReference; lastKnownFileType = archive.ar; path = libsvtkIOXMLParser.a; sourceTree = "svtk-debug-lib"; };
		14FC3ED816C5A92E0092149A /* libsvtkFiltersCore.a */ = {isa = PBXFileReference; lastKnownFileType = archive.ar; path = libsvtkFiltersCore.a; sourceTree = "svtk-debug-lib"; };
		14FC3ED916C5A92E0092149A /* libsvtkFiltersGeneral.a */ = {isa = PBXFileReference; lastKnownFileType = archive.ar; path = libsvtkFiltersGeneral.a; sourceTree = "svtk-debug-lib"; };
		14FC3EDA16C5A92E0092149A /* libsvtkFiltersGeneric.a */ = {isa = PBXFileReference; lastKnownFileType = archive.ar; path = libsvtkFiltersGeneric.a; sourceTree = "svtk-debug-lib"; };
		14FC3EDB16C5A92E0092149A /* libsvtkFiltersGeometry.a */ = {isa = PBXFileReference; lastKnownFileType = archive.ar; path = libsvtkFiltersGeometry.a; sourceTree = "svtk-debug-lib"; };
		14FC3EDC16C5A92E0092149A /* libsvtkFiltersSources.a */ = {isa = PBXFileReference; lastKnownFileType = archive.ar; path = libsvtkFiltersSources.a; sourceTree = "svtk-debug-lib"; };
		14FC3EE216C5A9470092149A /* libsvtkexpat.a */ = {isa = PBXFileReference; lastKnownFileType = archive.ar; path = libsvtkexpat.a; sourceTree = "svtk-debug-lib"; };
		14FC3EE416C5A9690092149A /* libsvtkInteractionImage.a */ = {isa = PBXFileReference; lastKnownFileType = archive.ar; path = libsvtkInteractionImage.a; sourceTree = "svtk-debug-lib"; };
		14FC3EE516C5A9690092149A /* libsvtkInteractionStyle.a */ = {isa = PBXFileReference; lastKnownFileType = archive.ar; path = libsvtkInteractionStyle.a; sourceTree = "svtk-debug-lib"; };
		14FC3EE816C5A9830092149A /* libsvtksys.a */ = {isa = PBXFileReference; lastKnownFileType = archive.ar; path = libsvtksys.a; sourceTree = "svtk-debug-lib"; };
		14FC3EE916C5A9830092149A /* libsvtktiff.a */ = {isa = PBXFileReference; lastKnownFileType = archive.ar; path = libsvtktiff.a; sourceTree = "svtk-debug-lib"; };
		14FC3EEC16C5A9A60092149A /* libsvtkFiltersExtraction.a */ = {isa = PBXFileReference; lastKnownFileType = archive.ar; path = libsvtkFiltersExtraction.a; sourceTree = "svtk-debug-lib"; };
		14FC3EED16C5A9A60092149A /* libsvtkmetaio.a */ = {isa = PBXFileReference; lastKnownFileType = archive.ar; path = libsvtkmetaio.a; sourceTree = "svtk-debug-lib"; };
		2A37F4B0FDCFA73011CA2CEA /* main.mm */ = {isa = PBXFileReference; fileEncoding = 4; indentWidth = 2; lastKnownFileType = sourcecode.cpp.objcpp; path = main.mm; sourceTree = "<group>"; tabWidth = 2; usesTabs = 0; };
		8D15AC360486D014006FF6A4 /* Info-Xcode.plist */ = {isa = PBXFileReference; explicitFileType = text.xml; fileEncoding = 4; indentWidth = 2; path = "Info-Xcode.plist"; sourceTree = "<group>"; tabWidth = 2; usesTabs = 0; };
		8D15AC370486D014006FF6A4 /* SimpleCocoaSVTK.app */ = {isa = PBXFileReference; explicitFileType = wrapper.application; includeInIndex = 0; path = SimpleCocoaSVTK.app; sourceTree = BUILT_PRODUCTS_DIR; };
/* End PBXFileReference section */

/* Begin PBXFrameworksBuildPhase section */
		8D15AC330486D014006FF6A4 /* Frameworks */ = {
			isa = PBXFrameworksBuildPhase;
			buildActionMask = 2147483647;
			files = (
				8D15AC340486D014006FF6A4 /* Cocoa.framework in Frameworks */,
				148BD56B2270BFC3001DA6B6 /* libsvtkloguru.a in Frameworks */,
				1454C1D6094F306B00F594FE /* OpenGL.framework in Frameworks */,
				14B863A5113C436100C9B42E /* IOKit.framework in Frameworks */,
				14C19A4122B182F8005A503C /* QuartzCore.framework in Frameworks */,
				14FC3EAD16C5A02D0092149A /* libsvtkRenderingCore.a in Frameworks */,
				14FC3EAF16C5A0460092149A /* libsvtkRenderingOpenGL2.a in Frameworks */,
				14FC3EB616C5A0E30092149A /* libsvtkCommonCore.a in Frameworks */,
				14FC3EB716C5A0E30092149A /* libsvtkCommonDataModel.a in Frameworks */,
				14FC3EB816C5A0E30092149A /* libsvtkCommonExecutionModel.a in Frameworks */,
				14D951A51B701C9A0012248C /* libsvtkzlib.a in Frameworks */,
				14FC3EB916C5A0E30092149A /* libsvtkCommonMath.a in Frameworks */,
				14FC3EBA16C5A0E30092149A /* libsvtkCommonSystem.a in Frameworks */,
				14FC3EBB16C5A0E30092149A /* libsvtkCommonTransforms.a in Frameworks */,
				14D589961C69466D00C28521 /* libsvtkglew.a in Frameworks */,
				14FC3EBD16C5A1090092149A /* libsvtkCommonMisc.a in Frameworks */,
				14FC3EC116C5A1230092149A /* libsvtkIOCore.a in Frameworks */,
				14FC3EC216C5A1230092149A /* libsvtkIOGeometry.a in Frameworks */,
				14FC3EC316C5A1230092149A /* libsvtkIOImage.a in Frameworks */,
				14FC3EC516C5A15F0092149A /* libsvtkImagingCore.a in Frameworks */,
				146EB4A4241193C500718F22 /* libsvtkRenderingUI.a in Frameworks */,
				14FC3EC816C5A1810092149A /* libsvtkImagingMorphological.a in Frameworks */,
				14FC3EC916C5A1810092149A /* libsvtkImagingStencil.a in Frameworks */,
				14FC3ECB16C5A1C20092149A /* libsvtkRenderingFreeType.a in Frameworks */,
				14FC3ED116C5A8C00092149A /* libsvtkjpeg.a in Frameworks */,
				14FC3ED316C5A8C00092149A /* libsvtkpng.a in Frameworks */,
				14FC3ED616C5A9030092149A /* libsvtkIOXML.a in Frameworks */,
				14FC3ED716C5A9030092149A /* libsvtkIOXMLParser.a in Frameworks */,
				14FC3EDD16C5A92E0092149A /* libsvtkFiltersCore.a in Frameworks */,
				14FC3EDE16C5A92F0092149A /* libsvtkFiltersGeneral.a in Frameworks */,
				14FC3EDF16C5A92F0092149A /* libsvtkFiltersGeneric.a in Frameworks */,
				14FC3EE016C5A92F0092149A /* libsvtkFiltersGeometry.a in Frameworks */,
				14FC3EE116C5A92F0092149A /* libsvtkFiltersSources.a in Frameworks */,
				14D951A31B701A690012248C /* libsvtkCommonColor.a in Frameworks */,
				14FC3EE316C5A9470092149A /* libsvtkexpat.a in Frameworks */,
				14FC3EE616C5A9690092149A /* libsvtkInteractionImage.a in Frameworks */,
				14FC3EE716C5A9690092149A /* libsvtkInteractionStyle.a in Frameworks */,
				14FC3EEA16C5A9830092149A /* libsvtksys.a in Frameworks */,
				14FC3EEB16C5A9830092149A /* libsvtktiff.a in Frameworks */,
				14FC3EEE16C5A9A60092149A /* libsvtkFiltersExtraction.a in Frameworks */,
				14FC3EEF16C5A9A60092149A /* libsvtkmetaio.a in Frameworks */,
				142CC7EC17133D3600FE6428 /* libsvtkfreetype.a in Frameworks */,
			);
			runOnlyForDeploymentPostprocessing = 0;
		};
/* End PBXFrameworksBuildPhase section */

/* Begin PBXGroup section */
		1454C0F8094E269200F594FE /* svtk libraries */ = {
			isa = PBXGroup;
			children = (
				14D951A21B701A690012248C /* libsvtkCommonColor.a */,
				14FC3EB016C5A0E30092149A /* libsvtkCommonCore.a */,
				14FC3EB116C5A0E30092149A /* libsvtkCommonDataModel.a */,
				14FC3EB216C5A0E30092149A /* libsvtkCommonExecutionModel.a */,
				14FC3EB316C5A0E30092149A /* libsvtkCommonMath.a */,
				14FC3EBC16C5A1090092149A /* libsvtkCommonMisc.a */,
				14FC3EB416C5A0E30092149A /* libsvtkCommonSystem.a */,
				14FC3EB516C5A0E30092149A /* libsvtkCommonTransforms.a */,
				14FC3ED816C5A92E0092149A /* libsvtkFiltersCore.a */,
				14FC3ED916C5A92E0092149A /* libsvtkFiltersGeneral.a */,
				14FC3EDA16C5A92E0092149A /* libsvtkFiltersGeneric.a */,
				14FC3EDB16C5A92E0092149A /* libsvtkFiltersGeometry.a */,
				14FC3EDC16C5A92E0092149A /* libsvtkFiltersSources.a */,
				14FC3EEC16C5A9A60092149A /* libsvtkFiltersExtraction.a */,
				14FC3EE416C5A9690092149A /* libsvtkInteractionImage.a */,
				14FC3EE516C5A9690092149A /* libsvtkInteractionStyle.a */,
				14D589951C69466D00C28521 /* libsvtkglew.a */,
				14FC3EC416C5A15F0092149A /* libsvtkImagingCore.a */,
				14FC3EC616C5A1810092149A /* libsvtkImagingMorphological.a */,
				14FC3EC716C5A1810092149A /* libsvtkImagingStencil.a */,
				14FC3EBE16C5A1230092149A /* libsvtkIOCore.a */,
				14FC3EBF16C5A1230092149A /* libsvtkIOGeometry.a */,
				14FC3EC016C5A1230092149A /* libsvtkIOImage.a */,
				14FC3ED416C5A9030092149A /* libsvtkIOXML.a */,
				14FC3ED516C5A9030092149A /* libsvtkIOXMLParser.a */,
				14FC3EAC16C5A02D0092149A /* libsvtkRenderingCore.a */,
				14FC3ECA16C5A1C20092149A /* libsvtkRenderingFreeType.a */,
				14FC3EAE16C5A0460092149A /* libsvtkRenderingOpenGL2.a */,
				146EB4A3241193C500718F22 /* libsvtkRenderingUI.a */,
				14FC3EE816C5A9830092149A /* libsvtksys.a */,
				14FC3EE916C5A9830092149A /* libsvtktiff.a */,
				14FC3EE216C5A9470092149A /* libsvtkexpat.a */,
				142CC7EB17133D3600FE6428 /* libsvtkfreetype.a */,
				148BD56A2270BFC3001DA6B6 /* libsvtkloguru.a */,
				14FC3ECE16C5A8C00092149A /* libsvtkjpeg.a */,
				14FC3EED16C5A9A60092149A /* libsvtkmetaio.a */,
				14FC3ECF16C5A8C00092149A /* libsvtklibxml2.a */,
				14FC3ED016C5A8C00092149A /* libsvtkpng.a */,
				14D951A41B701C9A0012248C /* libsvtkzlib.a */,
			);
			name = "svtk libraries";
			sourceTree = "<group>";
		};
		19C28FB0FE9D524F11CA2CBB /* Products */ = {
			isa = PBXGroup;
			children = (
				8D15AC370486D014006FF6A4 /* SimpleCocoaSVTK.app */,
			);
			name = Products;
			sourceTree = "<group>";
		};
		2A37F4AAFDCFA73011CA2CEA /* SimpleCocoaSVTK */ = {
			isa = PBXGroup;
			children = (
				14B86358113C3E4200C9B42E /* SimpleCocoaSVTK.xcconfig */,
				2A37F4ABFDCFA73011CA2CEA /* Classes */,
				2A37F4AFFDCFA73011CA2CEA /* Other Sources */,
				2A37F4B8FDCFA73011CA2CEA /* Resources */,
				1454C0F8094E269200F594FE /* svtk libraries */,
				2A37F4C3FDCFA73011CA2CEA /* Frameworks */,
				19C28FB0FE9D524F11CA2CBB /* Products */,
			);
			name = SimpleCocoaSVTK;
			sourceTree = "<group>";
		};
		2A37F4ABFDCFA73011CA2CEA /* Classes */ = {
			isa = PBXGroup;
			children = (
				1454C4340950A4A800F594FE /* BasicSVTKView.h */,
				1454C4350950A4A800F594FE /* BasicSVTKView.mm */,
				14C19A3D22B180AF005A503C /* CustomLayer.h */,
				14C19A3E22B180AF005A503C /* CustomLayer.mm */,
				14C19A4222B183D8005A503C /* CustomView.h */,
				14C19A4322B183D8005A503C /* CustomView.mm */,
				1454C0EF094E266D00F594FE /* MyDocument.h */,
				1454C0F0094E266D00F594FE /* MyDocument.mm */,
				143859071D6CED4100E728A0 /* MyWindowController.h */,
				143859081D6CED4100E728A0 /* MyWindowController.mm */,
			);
			name = Classes;
			sourceTree = "<group>";
		};
		2A37F4AFFDCFA73011CA2CEA /* Other Sources */ = {
			isa = PBXGroup;
			children = (
				142CC7EA17133CB300FE6428 /* PrefixHeader.pch */,
				2A37F4B0FDCFA73011CA2CEA /* main.mm */,
			);
			name = "Other Sources";
			sourceTree = "<group>";
		};
		2A37F4B8FDCFA73011CA2CEA /* Resources */ = {
			isa = PBXGroup;
			children = (
				8D15AC360486D014006FF6A4 /* Info-Xcode.plist */,
				14A3028A119E0C3200D75B9A /* MainMenu.xib */,
				14A3028B119E0C3200D75B9A /* MyWindow.xib */,
			);
			name = Resources;
			sourceTree = "<group>";
		};
		2A37F4C3FDCFA73011CA2CEA /* Frameworks */ = {
			isa = PBXGroup;
			children = (
				14C19A4022B182F8005A503C /* QuartzCore.framework */,
				14B863A4113C436100C9B42E /* IOKit.framework */,
				1454C1D5094F306B00F594FE /* OpenGL.framework */,
				1058C7A7FEA54F5311CA2CBB /* Cocoa.framework */,
			);
			name = Frameworks;
			sourceTree = "<group>";
		};
/* End PBXGroup section */

/* Begin PBXNativeTarget section */
		8D15AC270486D014006FF6A4 /* SimpleCocoaSVTK */ = {
			isa = PBXNativeTarget;
			buildConfigurationList = C05733C708A9546B00998B17 /* Build configuration list for PBXNativeTarget "SimpleCocoaSVTK" */;
			buildPhases = (
				8D15AC2B0486D014006FF6A4 /* Resources */,
				8D15AC300486D014006FF6A4 /* Sources */,
				8D15AC330486D014006FF6A4 /* Frameworks */,
			);
			buildRules = (
			);
			dependencies = (
			);
			name = SimpleCocoaSVTK;
			productInstallPath = "$(HOME)/Applications";
			productName = SimpleCocoaSVTK;
			productReference = 8D15AC370486D014006FF6A4 /* SimpleCocoaSVTK.app */;
			productType = "com.apple.product-type.application";
		};
/* End PBXNativeTarget section */

/* Begin PBXProject section */
		2A37F4A9FDCFA73011CA2CEA /* Project object */ = {
			isa = PBXProject;
			attributes = {
				LastUpgradeCheck = 1150;
			};
			buildConfigurationList = C05733CB08A9546B00998B17 /* Build configuration list for PBXProject "SimpleCocoaSVTK" */;
			compatibilityVersion = "Xcode 8.0";
			developmentRegion = English;
			hasScannedForEncodings = 1;
			knownRegions = (
				en,
			);
			mainGroup = 2A37F4AAFDCFA73011CA2CEA /* SimpleCocoaSVTK */;
			projectDirPath = "";
			projectRoot = "";
			targets = (
				8D15AC270486D014006FF6A4 /* SimpleCocoaSVTK */,
			);
		};
/* End PBXProject section */

/* Begin PBXResourcesBuildPhase section */
		8D15AC2B0486D014006FF6A4 /* Resources */ = {
			isa = PBXResourcesBuildPhase;
			buildActionMask = 2147483647;
			files = (
				14A3028C119E0C3200D75B9A /* MainMenu.xib in Resources */,
				14A3028D119E0C3200D75B9A /* MyWindow.xib in Resources */,
			);
			runOnlyForDeploymentPostprocessing = 0;
		};
/* End PBXResourcesBuildPhase section */

/* Begin PBXSourcesBuildPhase section */
		8D15AC300486D014006FF6A4 /* Sources */ = {
			isa = PBXSourcesBuildPhase;
			buildActionMask = 2147483647;
			files = (
				8D15AC320486D014006FF6A4 /* main.mm in Sources */,
				14C19A4422B183D9005A503C /* CustomView.mm in Sources */,
				1454C0F1094E266D00F594FE /* MyDocument.mm in Sources */,
				1454C4360950A4A800F594FE /* BasicSVTKView.mm in Sources */,
				143859091D6CED4100E728A0 /* MyWindowController.mm in Sources */,
				14C19A3F22B180AF005A503C /* CustomLayer.mm in Sources */,
			);
			runOnlyForDeploymentPostprocessing = 0;
		};
/* End PBXSourcesBuildPhase section */

/* Begin XCBuildConfiguration section */
		C05733C808A9546B00998B17 /* Debug */ = {
			isa = XCBuildConfiguration;
			buildSettings = {
			};
			name = Debug;
		};
		C05733C908A9546B00998B17 /* Release */ = {
			isa = XCBuildConfiguration;
			buildSettings = {
			};
			name = Release;
		};
		C05733CC08A9546B00998B17 /* Debug */ = {
			isa = XCBuildConfiguration;
			baseConfigurationReference = 14B86358113C3E4200C9B42E /* SimpleCocoaSVTK.xcconfig */;
			buildSettings = {
			};
			name = Debug;
		};
		C05733CD08A9546B00998B17 /* Release */ = {
			isa = XCBuildConfiguration;
			baseConfigurationReference = 14B86358113C3E4200C9B42E /* SimpleCocoaSVTK.xcconfig */;
			buildSettings = {
			};
			name = Release;
		};
/* End XCBuildConfiguration section */

/* Begin XCConfigurationList section */
		C05733C708A9546B00998B17 /* Build configuration list for PBXNativeTarget "SimpleCocoaSVTK" */ = {
			isa = XCConfigurationList;
			buildConfigurations = (
				C05733C808A9546B00998B17 /* Debug */,
				C05733C908A9546B00998B17 /* Release */,
			);
			defaultConfigurationIsVisible = 0;
			defaultConfigurationName = Release;
		};
		C05733CB08A9546B00998B17 /* Build configuration list for PBXProject "SimpleCocoaSVTK" */ = {
			isa = XCConfigurationList;
			buildConfigurations = (
				C05733CC08A9546B00998B17 /* Debug */,
				C05733CD08A9546B00998B17 /* Release */,
			);
			defaultConfigurationIsVisible = 0;
			defaultConfigurationName = Release;
		};
/* End XCConfigurationList section */
	};
	rootObject = 2A37F4A9FDCFA73011CA2CEA /* Project object */;
}
